// !$*UTF8*$!
{
	archiveVersion = 1;
	classes = {
	};
	objectVersion = 46;
	objects = {

/* Begin PBXBuildFile section */
		5001626514572391001BBC78 /* Player-Edit.plist in Resources */ = {isa = PBXBuildFile; fileRef = 5001626414572391001BBC78 /* Player-Edit.plist */; };
		5002AA5A1448BA1500FB0B8F /* PlayerProfileController.xib in Resources */ = {isa = PBXBuildFile; fileRef = 5002AA591448BA1500FB0B8F /* PlayerProfileController.xib */; };
		5002AA5C1448BA5A00FB0B8F /* PlayerProfileBackground.png in Resources */ = {isa = PBXBuildFile; fileRef = 5002AA5B1448BA5A00FB0B8F /* PlayerProfileBackground.png */; };
		5002AA601448D3E200FB0B8F /* ShotEntryController.m in Sources */ = {isa = PBXBuildFile; fileRef = 5002AA5E1448D3E200FB0B8F /* ShotEntryController.m */; };
		5004A631145622A700826773 /* AnimatedUIPickerView.m in Sources */ = {isa = PBXBuildFile; fileRef = 5004A630145622A700826773 /* AnimatedUIPickerView.m */; };
		5004A6361456361400826773 /* MatchProfileViewController.m in Sources */ = {isa = PBXBuildFile; fileRef = 5004A6331456361400826773 /* MatchProfileViewController.m */; };
		5004A6371456361400826773 /* MatchProfileView.xib in Resources */ = {isa = PBXBuildFile; fileRef = 5004A6351456361400826773 /* MatchProfileView.xib */; };
		5005644D14B14C5300E431C3 /* MatchOverviewController.m in Sources */ = {isa = PBXBuildFile; fileRef = 5005644814B14C5200E431C3 /* MatchOverviewController.m */; };
		5005644E14B14C5300E431C3 /* MatchOverviewController.xib in Resources */ = {isa = PBXBuildFile; fileRef = 5005644914B14C5200E431C3 /* MatchOverviewController.xib */; };
		5005644F14B14C5300E431C3 /* MatchOverviewCustomCell.m in Sources */ = {isa = PBXBuildFile; fileRef = 5005644B14B14C5300E431C3 /* MatchOverviewCustomCell.m */; };
		5005645814B14DAD00E431C3 /* SquareButton.m in Sources */ = {isa = PBXBuildFile; fileRef = 5005645714B14DAD00E431C3 /* SquareButton.m */; };
		5005645B14B23CC800E431C3 /* StatsHeaderView.m in Sources */ = {isa = PBXBuildFile; fileRef = 5005645A14B23CC800E431C3 /* StatsHeaderView.m */; };
		50211EA11450CC6200EF9AD4 /* RallyEntryController.m in Sources */ = {isa = PBXBuildFile; fileRef = 50211E9F1450CC6200EF9AD4 /* RallyEntryController.m */; };
		50211EA21450CC6200EF9AD4 /* RallyEntryController.xib in Resources */ = {isa = PBXBuildFile; fileRef = 50211EA01450CC6200EF9AD4 /* RallyEntryController.xib */; };
		50343BD214452F6900EDC043 /* UIKit.framework in Frameworks */ = {isa = PBXBuildFile; fileRef = 50343BD114452F6900EDC043 /* UIKit.framework */; };
		50343BD414452F6900EDC043 /* Foundation.framework in Frameworks */ = {isa = PBXBuildFile; fileRef = 50343BD314452F6900EDC043 /* Foundation.framework */; };
		50343BD614452F6900EDC043 /* CoreGraphics.framework in Frameworks */ = {isa = PBXBuildFile; fileRef = 50343BD514452F6900EDC043 /* CoreGraphics.framework */; };
		50343BD814452F6900EDC043 /* CoreData.framework in Frameworks */ = {isa = PBXBuildFile; fileRef = 50343BD714452F6900EDC043 /* CoreData.framework */; };
		50343BDE14452F6900EDC043 /* InfoPlist.strings in Resources */ = {isa = PBXBuildFile; fileRef = 50343BDC14452F6900EDC043 /* InfoPlist.strings */; };
		50343BE014452F6900EDC043 /* main.m in Sources */ = {isa = PBXBuildFile; fileRef = 50343BDF14452F6900EDC043 /* main.m */; };
		50343BE414452F6900EDC043 /* SCRAppDelegate.m in Sources */ = {isa = PBXBuildFile; fileRef = 50343BE314452F6900EDC043 /* SCRAppDelegate.m */; };
		50343BE714452F6900EDC043 /* Squash_Court_Report.xcdatamodeld in Sources */ = {isa = PBXBuildFile; fileRef = 50343BE514452F6900EDC043 /* Squash_Court_Report.xcdatamodeld */; };
		50343BEA14452F6900EDC043 /* SCRMasterViewController.m in Sources */ = {isa = PBXBuildFile; fileRef = 50343BE914452F6900EDC043 /* SCRMasterViewController.m */; };
		50343BED14452F6900EDC043 /* SCRDetailViewController.m in Sources */ = {isa = PBXBuildFile; fileRef = 50343BEC14452F6900EDC043 /* SCRDetailViewController.m */; };
		50343BF014452F6A00EDC043 /* SCRMasterViewController.xib in Resources */ = {isa = PBXBuildFile; fileRef = 50343BEE14452F6A00EDC043 /* SCRMasterViewController.xib */; };
		50343BF314452F6A00EDC043 /* SCRDetailViewController.xib in Resources */ = {isa = PBXBuildFile; fileRef = 50343BF114452F6A00EDC043 /* SCRDetailViewController.xib */; };
		50343BFB1445355100EDC043 /* Player.m in Sources */ = {isa = PBXBuildFile; fileRef = 50343BFA1445355100EDC043 /* Player.m */; };
		50343BFE1445355200EDC043 /* Match.m in Sources */ = {isa = PBXBuildFile; fileRef = 50343BFD1445355200EDC043 /* Match.m */; };
		50343C011445355200EDC043 /* Rally.m in Sources */ = {isa = PBXBuildFile; fileRef = 50343C001445355200EDC043 /* Rally.m */; };
		50343C041445355200EDC043 /* Game.m in Sources */ = {isa = PBXBuildFile; fileRef = 50343C031445355200EDC043 /* Game.m */; };
		50343C091445359600EDC043 /* MainViewController.m in Sources */ = {isa = PBXBuildFile; fileRef = 50343C071445359600EDC043 /* MainViewController.m */; };
		50343C0A1445359600EDC043 /* MainViewController.xib in Resources */ = {isa = PBXBuildFile; fileRef = 50343C081445359600EDC043 /* MainViewController.xib */; };
		50343C1A14453B2E00EDC043 /* MainViewCell.m in Sources */ = {isa = PBXBuildFile; fileRef = 50343C1914453B2E00EDC043 /* MainViewCell.m */; };
		504ECB21145209BE00FE7B45 /* CourtView.m in Sources */ = {isa = PBXBuildFile; fileRef = 504ECB20145209BE00FE7B45 /* CourtView.m */; };
		504ECB241455E8EC00FE7B45 /* CustomImageView.m in Sources */ = {isa = PBXBuildFile; fileRef = 504ECB231455E8EC00FE7B45 /* CustomImageView.m */; };
		50593F611458C34D00C5F021 /* PlayerEditController.m in Sources */ = {isa = PBXBuildFile; fileRef = 50593F5F1458C34C00C5F021 /* PlayerEditController.m */; };
		50A0EBD91445424B00A8B3CF /* startImage.png in Resources */ = {isa = PBXBuildFile; fileRef = 50A0EBD71445424B00A8B3CF /* startImage.png */; };
		50A0EBDA1445424B00A8B3CF /* startImage@2x.png in Resources */ = {isa = PBXBuildFile; fileRef = 50A0EBD81445424B00A8B3CF /* startImage@2x.png */; };
		50A0EBDE1445427400A8B3CF /* Default.png in Resources */ = {isa = PBXBuildFile; fileRef = 50A0EBDD1445427400A8B3CF /* Default.png */; };
		50A0EBE01445427800A8B3CF /* Default@2x.png in Resources */ = {isa = PBXBuildFile; fileRef = 50A0EBDF1445427800A8B3CF /* Default@2x.png */; };
		50A0EBE3144544A600A8B3CF /* Person_Icon.png in Resources */ = {isa = PBXBuildFile; fileRef = 50A0EBE1144544A600A8B3CF /* Person_Icon.png */; };
		50A0EBE4144544A600A8B3CF /* Raquet_Icon.png in Resources */ = {isa = PBXBuildFile; fileRef = 50A0EBE2144544A600A8B3CF /* Raquet_Icon.png */; };
		50A0EBEA144545D300A8B3CF /* PlayersViewCell.m in Sources */ = {isa = PBXBuildFile; fileRef = 50A0EBE9144545D300A8B3CF /* PlayersViewCell.m */; };
		50A0EC26144553E100A8B3CF /* Wood_Background.png in Resources */ = {isa = PBXBuildFile; fileRef = 50A0EC24144553E100A8B3CF /* Wood_Background.png */; };
		50A0EC27144553E100A8B3CF /* Wood_Background@2x.png in Resources */ = {isa = PBXBuildFile; fileRef = 50A0EC25144553E100A8B3CF /* Wood_Background@2x.png */; };
		50A0EC3214455D3B00A8B3CF /* PlayersViewController.m in Sources */ = {isa = PBXBuildFile; fileRef = 50A0EC3114455D3B00A8B3CF /* PlayersViewController.m */; };
		50A0EC36144562B400A8B3CF /* PlayerProfileEditController.m in Sources */ = {isa = PBXBuildFile; fileRef = 50A0EC34144562B400A8B3CF /* PlayerProfileEditController.m */; };
		50A0EC3A1445695F00A8B3CF /* TextFieldCell.m in Sources */ = {isa = PBXBuildFile; fileRef = 50A0EC391445695E00A8B3CF /* TextFieldCell.m */; };
		50A0EC3D14457CA900A8B3CF /* PlayerProfileController.m in Sources */ = {isa = PBXBuildFile; fileRef = 50A0EC3C14457CA800A8B3CF /* PlayerProfileController.m */; };
		50A96B471448D723003AC92D /* MatchEditController.m in Sources */ = {isa = PBXBuildFile; fileRef = 50A96B461448D723003AC92D /* MatchEditController.m */; };
		50A96B4A1448F70C003AC92D /* QuartzCore.framework in Frameworks */ = {isa = PBXBuildFile; fileRef = 50A96B491448F70C003AC92D /* QuartzCore.framework */; };
		50A96B4C144A0565003AC92D /* ProfileBar.png in Resources */ = {isa = PBXBuildFile; fileRef = 50A96B4B144A0565003AC92D /* ProfileBar.png */; };
		50A96B4F144A13D9003AC92D /* PlayerProfileTableViewController.m in Sources */ = {isa = PBXBuildFile; fileRef = 50A96B4E144A13D9003AC92D /* PlayerProfileTableViewController.m */; };
		50A96B54144A14A6003AC92D /* PlayerProfileCell.png in Resources */ = {isa = PBXBuildFile; fileRef = 50A96B50144A14A6003AC92D /* PlayerProfileCell.png */; };
		50A96B55144A14A6003AC92D /* PlayerProfileLastFooter.png in Resources */ = {isa = PBXBuildFile; fileRef = 50A96B51144A14A6003AC92D /* PlayerProfileLastFooter.png */; };
		50A96B56144A14A6003AC92D /* PlayerProfileSectionDivider.png in Resources */ = {isa = PBXBuildFile; fileRef = 50A96B52144A14A6003AC92D /* PlayerProfileSectionDivider.png */; };
		50A96B57144A14A6003AC92D /* PlayerProfileTop.png in Resources */ = {isa = PBXBuildFile; fileRef = 50A96B53144A14A6003AC92D /* PlayerProfileTop.png */; };
		50A96B5A144A16EB003AC92D /* SectionHeaderView.m in Sources */ = {isa = PBXBuildFile; fileRef = 50A96B59144A16EB003AC92D /* SectionHeaderView.m */; };
		50A96B5F144A1A45003AC92D /* PlayerProfileCell.m in Sources */ = {isa = PBXBuildFile; fileRef = 50A96B5E144A1A44003AC92D /* PlayerProfileCell.m */; };
		50A96B62144A1E0D003AC92D /* PlayerProfileTopCell.m in Sources */ = {isa = PBXBuildFile; fileRef = 50A96B61144A1E0C003AC92D /* PlayerProfileTopCell.m */; };
		50AB230A145F354B00E9F48D /* PlayerViewCell.xib in Resources */ = {isa = PBXBuildFile; fileRef = 50AB2309145F354A00E9F48D /* PlayerViewCell.xib */; };
		50B280FD1475905A00725E16 /* UIImageToDataTransformer.m in Sources */ = {isa = PBXBuildFile; fileRef = 50B280FC1475905A00725E16 /* UIImageToDataTransformer.m */; };
		50B281001475994E00725E16 /* Icon@2x.png in Resources */ = {isa = PBXBuildFile; fileRef = 50B280FF1475994E00725E16 /* Icon@2x.png */; };
		50C0D575149ECFEF004D5D50 /* StepperMinusButton.png in Resources */ = {isa = PBXBuildFile; fileRef = 50C0D56D149ECFEF004D5D50 /* StepperMinusButton.png */; };
		50C0D576149ECFEF004D5D50 /* StepperMinusButton@2x.png in Resources */ = {isa = PBXBuildFile; fileRef = 50C0D56E149ECFEF004D5D50 /* StepperMinusButton@2x.png */; };
		50C0D577149ECFEF004D5D50 /* StepperMinusButtonSelected.png in Resources */ = {isa = PBXBuildFile; fileRef = 50C0D56F149ECFEF004D5D50 /* StepperMinusButtonSelected.png */; };
		50C0D578149ECFEF004D5D50 /* StepperMinusButtonSelected@2x.png in Resources */ = {isa = PBXBuildFile; fileRef = 50C0D570149ECFEF004D5D50 /* StepperMinusButtonSelected@2x.png */; };
		50C0D579149ECFEF004D5D50 /* StepperPlusButton.png in Resources */ = {isa = PBXBuildFile; fileRef = 50C0D571149ECFEF004D5D50 /* StepperPlusButton.png */; };
		50C0D57A149ECFEF004D5D50 /* StepperPlusButton@2x.png in Resources */ = {isa = PBXBuildFile; fileRef = 50C0D572149ECFEF004D5D50 /* StepperPlusButton@2x.png */; };
		50C0D57B149ECFEF004D5D50 /* StepperPlusButtonSelected.png in Resources */ = {isa = PBXBuildFile; fileRef = 50C0D573149ECFEF004D5D50 /* StepperPlusButtonSelected.png */; };
		50C0D57C149ECFEF004D5D50 /* StepperPlusButtonSelected@2x.png in Resources */ = {isa = PBXBuildFile; fileRef = 50C0D574149ECFEF004D5D50 /* StepperPlusButtonSelected@2x.png */; };
		50C0D580149ED0CC004D5D50 /* SQRStepper.m in Sources */ = {isa = PBXBuildFile; fileRef = 50C0D57F149ED0CB004D5D50 /* SQRStepper.m */; };
		50D1A2191451EA9300CCE657 /* ShotEntryBackground@2x.png in Resources */ = {isa = PBXBuildFile; fileRef = 50D1A2181451EA9300CCE657 /* ShotEntryBackground@2x.png */; };
		50D1A21C1451F7D900CCE657 /* ShotEntryBackground.png in Resources */ = {isa = PBXBuildFile; fileRef = 50D1A21B1451F7D900CCE657 /* ShotEntryBackground.png */; };
		50E9695314AA6823000AA1A5 /* HelpScreen.m in Sources */ = {isa = PBXBuildFile; fileRef = 50E9695114AA6823000AA1A5 /* HelpScreen.m */; };
		50E9695414AA6823000AA1A5 /* HelpScreen.xib in Resources */ = {isa = PBXBuildFile; fileRef = 50E9695214AA6823000AA1A5 /* HelpScreen.xib */; };
		50E9695814AA892F000AA1A5 /* TriangleView.m in Sources */ = {isa = PBXBuildFile; fileRef = 50E9695714AA892E000AA1A5 /* TriangleView.m */; };
		50E9695B14AADE08000AA1A5 /* SquashPlayer.png in Resources */ = {isa = PBXBuildFile; fileRef = 50E9695914AADE06000AA1A5 /* SquashPlayer.png */; };
		50E9695C14AADE08000AA1A5 /* SquashPlayer@2x.png in Resources */ = {isa = PBXBuildFile; fileRef = 50E9695A14AADE06000AA1A5 /* SquashPlayer@2x.png */; };
		50E9695F14AAE2D7000AA1A5 /* CustomDisclosureIndicator.m in Sources */ = {isa = PBXBuildFile; fileRef = 50E9695E14AAE2D5000AA1A5 /* CustomDisclosureIndicator.m */; };
		50E9696714ABB3A7000AA1A5 /* PlayersViewController.xib in Resources */ = {isa = PBXBuildFile; fileRef = 50E9696614ABB3A4000AA1A5 /* PlayersViewController.xib */; };
		50F6D97314B28CFC0046F0F5 /* PointsListCell.m in Sources */ = {isa = PBXBuildFile; fileRef = 50F6D97014B28CFC0046F0F5 /* PointsListCell.m */; };
		50F6D97414B28CFC0046F0F5 /* PointsListViewController.m in Sources */ = {isa = PBXBuildFile; fileRef = 50F6D97214B28CFC0046F0F5 /* PointsListViewController.m */; };
		50F6D97914B2CDD70046F0F5 /* PointsCourtViewController.m in Sources */ = {isa = PBXBuildFile; fileRef = 50F6D97714B2CDD60046F0F5 /* PointsCourtViewController.m */; };
		50F6D97A14B2CDD70046F0F5 /* PointsCourtViewController.xib in Resources */ = {isa = PBXBuildFile; fileRef = 50F6D97814B2CDD60046F0F5 /* PointsCourtViewController.xib */; };
		50F6D97D14B2D0C70046F0F5 /* PointsCourtView.m in Sources */ = {isa = PBXBuildFile; fileRef = 50F6D97C14B2D0C60046F0F5 /* PointsCourtView.m */; };
		50F6D98014B386FA0046F0F5 /* LegendView.m in Sources */ = {isa = PBXBuildFile; fileRef = 50F6D97F14B386FA0046F0F5 /* LegendView.m */; };
		50F6D98314B38A120046F0F5 /* LegendsCell.m in Sources */ = {isa = PBXBuildFile; fileRef = 50F6D98214B38A110046F0F5 /* LegendsCell.m */; };
		5B66FB9614AFC6B300EA999E /* MatchListCell.m in Sources */ = {isa = PBXBuildFile; fileRef = 5B66FB9514AFC6B300EA999E /* MatchListCell.m */; };
		5B69524314AE74690084C38C /* ShotFilter.m in Sources */ = {isa = PBXBuildFile; fileRef = 5B69524214AE74690084C38C /* ShotFilter.m */; };
		5B7973E51460FD7500569407 /* AnimatedUIDatePicker.m in Sources */ = {isa = PBXBuildFile; fileRef = 5B7973E41460FD7500569407 /* AnimatedUIDatePicker.m */; };
		5B804D2914AE9ACC00F8D948 /* MatchListController.m in Sources */ = {isa = PBXBuildFile; fileRef = 5B804D2714AE9ACC00F8D948 /* MatchListController.m */; };
		5BAD10FA14B2DA9A0090462D /* collapsed.png in Resources */ = {isa = PBXBuildFile; fileRef = 5BAD10F814B2DA9A0090462D /* collapsed.png */; };
		5BAD10FB14B2DA9A0090462D /* expanded.png in Resources */ = {isa = PBXBuildFile; fileRef = 5BAD10F914B2DA9A0090462D /* expanded.png */; };
		5BF1F744144CDBED000455BC /* button_back.png in Resources */ = {isa = PBXBuildFile; fileRef = 5BF1F740144CDBED000455BC /* button_back.png */; };
		5BF1F745144CDBED000455BC /* MatchSetupView.xib in Resources */ = {isa = PBXBuildFile; fileRef = 5BF1F741144CDBED000455BC /* MatchSetupView.xib */; };
		5BF1F746144CDBED000455BC /* MatchSetupViewController.m in Sources */ = {isa = PBXBuildFile; fileRef = 5BF1F743144CDBED000455BC /* MatchSetupViewController.m */; };
/* End PBXBuildFile section */

/* Begin PBXFileReference section */
		5001626414572391001BBC78 /* Player-Edit.plist */ = {isa = PBXFileReference; fileEncoding = 4; lastKnownFileType = text.plist.xml; name = "Player-Edit.plist"; path = "../Player-Edit.plist"; sourceTree = "<group>"; };
		5002AA591448BA1500FB0B8F /* PlayerProfileController.xib */ = {isa = PBXFileReference; fileEncoding = 4; lastKnownFileType = file.xib; path = PlayerProfileController.xib; sourceTree = "<group>"; };
		5002AA5B1448BA5A00FB0B8F /* PlayerProfileBackground.png */ = {isa = PBXFileReference; lastKnownFileType = image.png; path = PlayerProfileBackground.png; sourceTree = "<group>"; };
		5002AA5D1448D3E200FB0B8F /* ShotEntryController.h */ = {isa = PBXFileReference; fileEncoding = 4; lastKnownFileType = sourcecode.c.h; path = ShotEntryController.h; sourceTree = "<group>"; };
		5002AA5E1448D3E200FB0B8F /* ShotEntryController.m */ = {isa = PBXFileReference; fileEncoding = 4; lastKnownFileType = sourcecode.c.objc; path = ShotEntryController.m; sourceTree = "<group>"; };
		5004A62F145622A700826773 /* AnimatedUIPickerView.h */ = {isa = PBXFileReference; fileEncoding = 4; lastKnownFileType = sourcecode.c.h; path = AnimatedUIPickerView.h; sourceTree = "<group>"; };
		5004A630145622A700826773 /* AnimatedUIPickerView.m */ = {isa = PBXFileReference; fileEncoding = 4; lastKnownFileType = sourcecode.c.objc; path = AnimatedUIPickerView.m; sourceTree = "<group>"; };
		5004A6331456361400826773 /* MatchProfileViewController.m */ = {isa = PBXFileReference; fileEncoding = 4; lastKnownFileType = sourcecode.c.objc; path = MatchProfileViewController.m; sourceTree = "<group>"; };
		5004A6341456361400826773 /* MatchProfileViewController.h */ = {isa = PBXFileReference; fileEncoding = 4; lastKnownFileType = sourcecode.c.h; path = MatchProfileViewController.h; sourceTree = "<group>"; };
		5004A6351456361400826773 /* MatchProfileView.xib */ = {isa = PBXFileReference; fileEncoding = 4; lastKnownFileType = file.xib; path = MatchProfileView.xib; sourceTree = "<group>"; };
		5005644714B14C5200E431C3 /* MatchOverviewController.h */ = {isa = PBXFileReference; fileEncoding = 4; lastKnownFileType = sourcecode.c.h; path = MatchOverviewController.h; sourceTree = "<group>"; };
		5005644814B14C5200E431C3 /* MatchOverviewController.m */ = {isa = PBXFileReference; fileEncoding = 4; lastKnownFileType = sourcecode.c.objc; path = MatchOverviewController.m; sourceTree = "<group>"; };
		5005644914B14C5200E431C3 /* MatchOverviewController.xib */ = {isa = PBXFileReference; fileEncoding = 4; lastKnownFileType = file.xib; path = MatchOverviewController.xib; sourceTree = "<group>"; };
		5005644A14B14C5300E431C3 /* MatchOverviewCustomCell.h */ = {isa = PBXFileReference; fileEncoding = 4; lastKnownFileType = sourcecode.c.h; path = MatchOverviewCustomCell.h; sourceTree = "<group>"; };
		5005644B14B14C5300E431C3 /* MatchOverviewCustomCell.m */ = {isa = PBXFileReference; fileEncoding = 4; lastKnownFileType = sourcecode.c.objc; path = MatchOverviewCustomCell.m; sourceTree = "<group>"; };
		5005645614B14DAD00E431C3 /* SquareButton.h */ = {isa = PBXFileReference; fileEncoding = 4; lastKnownFileType = sourcecode.c.h; path = SquareButton.h; sourceTree = "<group>"; };
		5005645714B14DAD00E431C3 /* SquareButton.m */ = {isa = PBXFileReference; fileEncoding = 4; lastKnownFileType = sourcecode.c.objc; path = SquareButton.m; sourceTree = "<group>"; };
		5005645914B23CC800E431C3 /* StatsHeaderView.h */ = {isa = PBXFileReference; fileEncoding = 4; lastKnownFileType = sourcecode.c.h; path = StatsHeaderView.h; sourceTree = "<group>"; };
		5005645A14B23CC800E431C3 /* StatsHeaderView.m */ = {isa = PBXFileReference; fileEncoding = 4; lastKnownFileType = sourcecode.c.objc; path = StatsHeaderView.m; sourceTree = "<group>"; };
		50211E9E1450CC6200EF9AD4 /* RallyEntryController.h */ = {isa = PBXFileReference; fileEncoding = 4; lastKnownFileType = sourcecode.c.h; path = RallyEntryController.h; sourceTree = "<group>"; };
		50211E9F1450CC6200EF9AD4 /* RallyEntryController.m */ = {isa = PBXFileReference; fileEncoding = 4; lastKnownFileType = sourcecode.c.objc; path = RallyEntryController.m; sourceTree = "<group>"; tabWidth = 4; };
		50211EA01450CC6200EF9AD4 /* RallyEntryController.xib */ = {isa = PBXFileReference; fileEncoding = 4; lastKnownFileType = file.xib; path = RallyEntryController.xib; sourceTree = "<group>"; };
		50343BCD14452F6900EDC043 /* Squash Court Report.app */ = {isa = PBXFileReference; explicitFileType = wrapper.application; includeInIndex = 0; path = "Squash Court Report.app"; sourceTree = BUILT_PRODUCTS_DIR; };
		50343BD114452F6900EDC043 /* UIKit.framework */ = {isa = PBXFileReference; lastKnownFileType = wrapper.framework; name = UIKit.framework; path = System/Library/Frameworks/UIKit.framework; sourceTree = SDKROOT; };
		50343BD314452F6900EDC043 /* Foundation.framework */ = {isa = PBXFileReference; lastKnownFileType = wrapper.framework; name = Foundation.framework; path = System/Library/Frameworks/Foundation.framework; sourceTree = SDKROOT; };
		50343BD514452F6900EDC043 /* CoreGraphics.framework */ = {isa = PBXFileReference; lastKnownFileType = wrapper.framework; name = CoreGraphics.framework; path = System/Library/Frameworks/CoreGraphics.framework; sourceTree = SDKROOT; };
		50343BD714452F6900EDC043 /* CoreData.framework */ = {isa = PBXFileReference; lastKnownFileType = wrapper.framework; name = CoreData.framework; path = System/Library/Frameworks/CoreData.framework; sourceTree = SDKROOT; };
		50343BDB14452F6900EDC043 /* Squash Court Report-Info.plist */ = {isa = PBXFileReference; lastKnownFileType = text.plist.xml; path = "Squash Court Report-Info.plist"; sourceTree = "<group>"; };
		50343BDD14452F6900EDC043 /* en */ = {isa = PBXFileReference; lastKnownFileType = text.plist.strings; name = en; path = en.lproj/InfoPlist.strings; sourceTree = "<group>"; };
		50343BDF14452F6900EDC043 /* main.m */ = {isa = PBXFileReference; lastKnownFileType = sourcecode.c.objc; path = main.m; sourceTree = "<group>"; };
		50343BE114452F6900EDC043 /* Squash Court Report-Prefix.pch */ = {isa = PBXFileReference; lastKnownFileType = sourcecode.c.h; path = "Squash Court Report-Prefix.pch"; sourceTree = "<group>"; };
		50343BE214452F6900EDC043 /* SCRAppDelegate.h */ = {isa = PBXFileReference; lastKnownFileType = sourcecode.c.h; path = SCRAppDelegate.h; sourceTree = "<group>"; };
		50343BE314452F6900EDC043 /* SCRAppDelegate.m */ = {isa = PBXFileReference; lastKnownFileType = sourcecode.c.objc; path = SCRAppDelegate.m; sourceTree = "<group>"; };
		50343BE614452F6900EDC043 /* Squash_Court_Report.xcdatamodel */ = {isa = PBXFileReference; lastKnownFileType = wrapper.xcdatamodel; path = Squash_Court_Report.xcdatamodel; sourceTree = "<group>"; };
		50343BE814452F6900EDC043 /* SCRMasterViewController.h */ = {isa = PBXFileReference; lastKnownFileType = sourcecode.c.h; path = SCRMasterViewController.h; sourceTree = "<group>"; };
		50343BE914452F6900EDC043 /* SCRMasterViewController.m */ = {isa = PBXFileReference; lastKnownFileType = sourcecode.c.objc; path = SCRMasterViewController.m; sourceTree = "<group>"; };
		50343BEB14452F6900EDC043 /* SCRDetailViewController.h */ = {isa = PBXFileReference; lastKnownFileType = sourcecode.c.h; path = SCRDetailViewController.h; sourceTree = "<group>"; };
		50343BEC14452F6900EDC043 /* SCRDetailViewController.m */ = {isa = PBXFileReference; lastKnownFileType = sourcecode.c.objc; path = SCRDetailViewController.m; sourceTree = "<group>"; };
		50343BEF14452F6A00EDC043 /* en */ = {isa = PBXFileReference; lastKnownFileType = file.xib; name = en; path = en.lproj/SCRMasterViewController.xib; sourceTree = "<group>"; };
		50343BF214452F6A00EDC043 /* en */ = {isa = PBXFileReference; lastKnownFileType = file.xib; name = en; path = en.lproj/SCRDetailViewController.xib; sourceTree = "<group>"; };
		50343BF91445355100EDC043 /* Player.h */ = {isa = PBXFileReference; fileEncoding = 4; lastKnownFileType = sourcecode.c.h; path = Player.h; sourceTree = "<group>"; };
		50343BFA1445355100EDC043 /* Player.m */ = {isa = PBXFileReference; fileEncoding = 4; lastKnownFileType = sourcecode.c.objc; path = Player.m; sourceTree = "<group>"; };
		50343BFC1445355200EDC043 /* Match.h */ = {isa = PBXFileReference; fileEncoding = 4; lastKnownFileType = sourcecode.c.h; path = Match.h; sourceTree = "<group>"; };
		50343BFD1445355200EDC043 /* Match.m */ = {isa = PBXFileReference; fileEncoding = 4; lastKnownFileType = sourcecode.c.objc; path = Match.m; sourceTree = "<group>"; };
		50343BFF1445355200EDC043 /* Rally.h */ = {isa = PBXFileReference; fileEncoding = 4; lastKnownFileType = sourcecode.c.h; path = Rally.h; sourceTree = "<group>"; };
		50343C001445355200EDC043 /* Rally.m */ = {isa = PBXFileReference; fileEncoding = 4; lastKnownFileType = sourcecode.c.objc; path = Rally.m; sourceTree = "<group>"; };
		50343C021445355200EDC043 /* Game.h */ = {isa = PBXFileReference; fileEncoding = 4; lastKnownFileType = sourcecode.c.h; path = Game.h; sourceTree = "<group>"; };
		50343C031445355200EDC043 /* Game.m */ = {isa = PBXFileReference; fileEncoding = 4; lastKnownFileType = sourcecode.c.objc; path = Game.m; sourceTree = "<group>"; };
		50343C061445359600EDC043 /* MainViewController.h */ = {isa = PBXFileReference; fileEncoding = 4; lastKnownFileType = sourcecode.c.h; path = MainViewController.h; sourceTree = "<group>"; };
		50343C071445359600EDC043 /* MainViewController.m */ = {isa = PBXFileReference; fileEncoding = 4; lastKnownFileType = sourcecode.c.objc; path = MainViewController.m; sourceTree = "<group>"; };
		50343C081445359600EDC043 /* MainViewController.xib */ = {isa = PBXFileReference; fileEncoding = 4; lastKnownFileType = file.xib; path = MainViewController.xib; sourceTree = "<group>"; };
		50343C0B1445379600EDC043 /* CoreDataModel.h */ = {isa = PBXFileReference; fileEncoding = 4; lastKnownFileType = sourcecode.c.h; path = CoreDataModel.h; sourceTree = "<group>"; };
		50343C1814453B2E00EDC043 /* MainViewCell.h */ = {isa = PBXFileReference; fileEncoding = 4; lastKnownFileType = sourcecode.c.h; path = MainViewCell.h; sourceTree = "<group>"; };
		50343C1914453B2E00EDC043 /* MainViewCell.m */ = {isa = PBXFileReference; fileEncoding = 4; lastKnownFileType = sourcecode.c.objc; path = MainViewCell.m; sourceTree = "<group>"; };
		504ECB1F145209BE00FE7B45 /* CourtView.h */ = {isa = PBXFileReference; fileEncoding = 4; lastKnownFileType = sourcecode.c.h; path = CourtView.h; sourceTree = "<group>"; };
		504ECB20145209BE00FE7B45 /* CourtView.m */ = {isa = PBXFileReference; fileEncoding = 4; lastKnownFileType = sourcecode.c.objc; path = CourtView.m; sourceTree = "<group>"; };
		504ECB221455E8EC00FE7B45 /* CustomImageView.h */ = {isa = PBXFileReference; fileEncoding = 4; lastKnownFileType = sourcecode.c.h; path = CustomImageView.h; sourceTree = "<group>"; };
		504ECB231455E8EC00FE7B45 /* CustomImageView.m */ = {isa = PBXFileReference; fileEncoding = 4; lastKnownFileType = sourcecode.c.objc; path = CustomImageView.m; sourceTree = "<group>"; };
		50593F5E1458C34C00C5F021 /* PlayerEditController.h */ = {isa = PBXFileReference; fileEncoding = 4; lastKnownFileType = sourcecode.c.h; name = PlayerEditController.h; path = ../PlayerEditController.h; sourceTree = "<group>"; };
		50593F5F1458C34C00C5F021 /* PlayerEditController.m */ = {isa = PBXFileReference; fileEncoding = 4; lastKnownFileType = sourcecode.c.objc; name = PlayerEditController.m; path = ../PlayerEditController.m; sourceTree = "<group>"; };
		50A0EBD71445424B00A8B3CF /* startImage.png */ = {isa = PBXFileReference; lastKnownFileType = image.png; path = startImage.png; sourceTree = "<group>"; };
		50A0EBD81445424B00A8B3CF /* startImage@2x.png */ = {isa = PBXFileReference; lastKnownFileType = image.png; path = "startImage@2x.png"; sourceTree = "<group>"; };
		50A0EBDD1445427400A8B3CF /* Default.png */ = {isa = PBXFileReference; lastKnownFileType = image.png; path = Default.png; sourceTree = "<group>"; };
		50A0EBDF1445427800A8B3CF /* Default@2x.png */ = {isa = PBXFileReference; lastKnownFileType = image.png; path = "Default@2x.png"; sourceTree = "<group>"; };
		50A0EBE1144544A600A8B3CF /* Person_Icon.png */ = {isa = PBXFileReference; lastKnownFileType = image.png; path = Person_Icon.png; sourceTree = "<group>"; };
		50A0EBE2144544A600A8B3CF /* Raquet_Icon.png */ = {isa = PBXFileReference; lastKnownFileType = image.png; path = Raquet_Icon.png; sourceTree = "<group>"; };
		50A0EBE8144545D300A8B3CF /* PlayersViewCell.h */ = {isa = PBXFileReference; fileEncoding = 4; lastKnownFileType = sourcecode.c.h; path = PlayersViewCell.h; sourceTree = "<group>"; };
		50A0EBE9144545D300A8B3CF /* PlayersViewCell.m */ = {isa = PBXFileReference; fileEncoding = 4; lastKnownFileType = sourcecode.c.objc; path = PlayersViewCell.m; sourceTree = "<group>"; };
		50A0EC24144553E100A8B3CF /* Wood_Background.png */ = {isa = PBXFileReference; lastKnownFileType = image.png; path = Wood_Background.png; sourceTree = "<group>"; };
		50A0EC25144553E100A8B3CF /* Wood_Background@2x.png */ = {isa = PBXFileReference; lastKnownFileType = image.png; path = "Wood_Background@2x.png"; sourceTree = "<group>"; };
		50A0EC3014455D3B00A8B3CF /* PlayersViewController.h */ = {isa = PBXFileReference; fileEncoding = 4; lastKnownFileType = sourcecode.c.h; path = PlayersViewController.h; sourceTree = "<group>"; };
		50A0EC3114455D3B00A8B3CF /* PlayersViewController.m */ = {isa = PBXFileReference; fileEncoding = 4; lastKnownFileType = sourcecode.c.objc; path = PlayersViewController.m; sourceTree = "<group>"; };
		50A0EC33144562B300A8B3CF /* PlayerProfileEditController.h */ = {isa = PBXFileReference; fileEncoding = 4; lastKnownFileType = sourcecode.c.h; path = PlayerProfileEditController.h; sourceTree = "<group>"; };
		50A0EC34144562B400A8B3CF /* PlayerProfileEditController.m */ = {isa = PBXFileReference; fileEncoding = 4; lastKnownFileType = sourcecode.c.objc; path = PlayerProfileEditController.m; sourceTree = "<group>"; };
		50A0EC381445695E00A8B3CF /* TextFieldCell.h */ = {isa = PBXFileReference; fileEncoding = 4; lastKnownFileType = sourcecode.c.h; path = TextFieldCell.h; sourceTree = "<group>"; };
		50A0EC391445695E00A8B3CF /* TextFieldCell.m */ = {isa = PBXFileReference; fileEncoding = 4; lastKnownFileType = sourcecode.c.objc; path = TextFieldCell.m; sourceTree = "<group>"; };
		50A0EC3B14457CA800A8B3CF /* PlayerProfileController.h */ = {isa = PBXFileReference; fileEncoding = 4; lastKnownFileType = sourcecode.c.h; path = PlayerProfileController.h; sourceTree = "<group>"; };
		50A0EC3C14457CA800A8B3CF /* PlayerProfileController.m */ = {isa = PBXFileReference; fileEncoding = 4; lastKnownFileType = sourcecode.c.objc; path = PlayerProfileController.m; sourceTree = "<group>"; };
		50A96B451448D723003AC92D /* MatchEditController.h */ = {isa = PBXFileReference; fileEncoding = 4; lastKnownFileType = sourcecode.c.h; path = MatchEditController.h; sourceTree = "<group>"; };
		50A96B461448D723003AC92D /* MatchEditController.m */ = {isa = PBXFileReference; fileEncoding = 4; lastKnownFileType = sourcecode.c.objc; path = MatchEditController.m; sourceTree = "<group>"; };
		50A96B491448F70C003AC92D /* QuartzCore.framework */ = {isa = PBXFileReference; lastKnownFileType = wrapper.framework; name = QuartzCore.framework; path = System/Library/Frameworks/QuartzCore.framework; sourceTree = SDKROOT; };
		50A96B4B144A0565003AC92D /* ProfileBar.png */ = {isa = PBXFileReference; lastKnownFileType = image.png; path = ProfileBar.png; sourceTree = "<group>"; };
		50A96B4D144A13D9003AC92D /* PlayerProfileTableViewController.h */ = {isa = PBXFileReference; fileEncoding = 4; lastKnownFileType = sourcecode.c.h; path = PlayerProfileTableViewController.h; sourceTree = "<group>"; };
		50A96B4E144A13D9003AC92D /* PlayerProfileTableViewController.m */ = {isa = PBXFileReference; fileEncoding = 4; lastKnownFileType = sourcecode.c.objc; path = PlayerProfileTableViewController.m; sourceTree = "<group>"; };
		50A96B50144A14A6003AC92D /* PlayerProfileCell.png */ = {isa = PBXFileReference; lastKnownFileType = image.png; path = PlayerProfileCell.png; sourceTree = "<group>"; };
		50A96B51144A14A6003AC92D /* PlayerProfileLastFooter.png */ = {isa = PBXFileReference; lastKnownFileType = image.png; path = PlayerProfileLastFooter.png; sourceTree = "<group>"; };
		50A96B52144A14A6003AC92D /* PlayerProfileSectionDivider.png */ = {isa = PBXFileReference; lastKnownFileType = image.png; path = PlayerProfileSectionDivider.png; sourceTree = "<group>"; };
		50A96B53144A14A6003AC92D /* PlayerProfileTop.png */ = {isa = PBXFileReference; lastKnownFileType = image.png; path = PlayerProfileTop.png; sourceTree = "<group>"; };
		50A96B58144A16EB003AC92D /* SectionHeaderView.h */ = {isa = PBXFileReference; fileEncoding = 4; lastKnownFileType = sourcecode.c.h; path = SectionHeaderView.h; sourceTree = "<group>"; };
		50A96B59144A16EB003AC92D /* SectionHeaderView.m */ = {isa = PBXFileReference; fileEncoding = 4; lastKnownFileType = sourcecode.c.objc; path = SectionHeaderView.m; sourceTree = "<group>"; };
		50A96B5D144A1A44003AC92D /* PlayerProfileCell.h */ = {isa = PBXFileReference; fileEncoding = 4; lastKnownFileType = sourcecode.c.h; path = PlayerProfileCell.h; sourceTree = "<group>"; };
		50A96B5E144A1A44003AC92D /* PlayerProfileCell.m */ = {isa = PBXFileReference; fileEncoding = 4; lastKnownFileType = sourcecode.c.objc; path = PlayerProfileCell.m; sourceTree = "<group>"; };
		50A96B60144A1E0C003AC92D /* PlayerProfileTopCell.h */ = {isa = PBXFileReference; fileEncoding = 4; lastKnownFileType = sourcecode.c.h; path = PlayerProfileTopCell.h; sourceTree = "<group>"; };
		50A96B61144A1E0C003AC92D /* PlayerProfileTopCell.m */ = {isa = PBXFileReference; fileEncoding = 4; lastKnownFileType = sourcecode.c.objc; path = PlayerProfileTopCell.m; sourceTree = "<group>"; };
		50AB2309145F354A00E9F48D /* PlayerViewCell.xib */ = {isa = PBXFileReference; fileEncoding = 4; lastKnownFileType = file.xib; path = PlayerViewCell.xib; sourceTree = "<group>"; };
		50B280FB1475905A00725E16 /* UIImageToDataTransformer.h */ = {isa = PBXFileReference; fileEncoding = 4; lastKnownFileType = sourcecode.c.h; path = UIImageToDataTransformer.h; sourceTree = "<group>"; };
		50B280FC1475905A00725E16 /* UIImageToDataTransformer.m */ = {isa = PBXFileReference; fileEncoding = 4; lastKnownFileType = sourcecode.c.objc; path = UIImageToDataTransformer.m; sourceTree = "<group>"; };
		50B280FF1475994E00725E16 /* Icon@2x.png */ = {isa = PBXFileReference; lastKnownFileType = image.png; path = "Icon@2x.png"; sourceTree = "<group>"; };
		50C0D56D149ECFEF004D5D50 /* StepperMinusButton.png */ = {isa = PBXFileReference; lastKnownFileType = image.png; path = StepperMinusButton.png; sourceTree = "<group>"; };
		50C0D56E149ECFEF004D5D50 /* StepperMinusButton@2x.png */ = {isa = PBXFileReference; lastKnownFileType = image.png; path = "StepperMinusButton@2x.png"; sourceTree = "<group>"; };
		50C0D56F149ECFEF004D5D50 /* StepperMinusButtonSelected.png */ = {isa = PBXFileReference; lastKnownFileType = image.png; path = StepperMinusButtonSelected.png; sourceTree = "<group>"; };
		50C0D570149ECFEF004D5D50 /* StepperMinusButtonSelected@2x.png */ = {isa = PBXFileReference; lastKnownFileType = image.png; path = "StepperMinusButtonSelected@2x.png"; sourceTree = "<group>"; };
		50C0D571149ECFEF004D5D50 /* StepperPlusButton.png */ = {isa = PBXFileReference; lastKnownFileType = image.png; path = StepperPlusButton.png; sourceTree = "<group>"; };
		50C0D572149ECFEF004D5D50 /* StepperPlusButton@2x.png */ = {isa = PBXFileReference; lastKnownFileType = image.png; path = "StepperPlusButton@2x.png"; sourceTree = "<group>"; };
		50C0D573149ECFEF004D5D50 /* StepperPlusButtonSelected.png */ = {isa = PBXFileReference; lastKnownFileType = image.png; path = StepperPlusButtonSelected.png; sourceTree = "<group>"; };
		50C0D574149ECFEF004D5D50 /* StepperPlusButtonSelected@2x.png */ = {isa = PBXFileReference; lastKnownFileType = image.png; path = "StepperPlusButtonSelected@2x.png"; sourceTree = "<group>"; };
		50C0D57E149ED0CB004D5D50 /* SQRStepper.h */ = {isa = PBXFileReference; fileEncoding = 4; lastKnownFileType = sourcecode.c.h; path = SQRStepper.h; sourceTree = "<group>"; };
		50C0D57F149ED0CB004D5D50 /* SQRStepper.m */ = {isa = PBXFileReference; fileEncoding = 4; lastKnownFileType = sourcecode.c.objc; path = SQRStepper.m; sourceTree = "<group>"; };
		50D1A2181451EA9300CCE657 /* ShotEntryBackground@2x.png */ = {isa = PBXFileReference; lastKnownFileType = image.png; path = "ShotEntryBackground@2x.png"; sourceTree = "<group>"; };
		50D1A21B1451F7D900CCE657 /* ShotEntryBackground.png */ = {isa = PBXFileReference; lastKnownFileType = image.png; path = ShotEntryBackground.png; sourceTree = "<group>"; };
		50E9695014AA6822000AA1A5 /* HelpScreen.h */ = {isa = PBXFileReference; fileEncoding = 4; lastKnownFileType = sourcecode.c.h; path = HelpScreen.h; sourceTree = "<group>"; };
		50E9695114AA6823000AA1A5 /* HelpScreen.m */ = {isa = PBXFileReference; fileEncoding = 4; lastKnownFileType = sourcecode.c.objc; path = HelpScreen.m; sourceTree = "<group>"; };
		50E9695214AA6823000AA1A5 /* HelpScreen.xib */ = {isa = PBXFileReference; fileEncoding = 4; lastKnownFileType = file.xib; path = HelpScreen.xib; sourceTree = "<group>"; };
		50E9695614AA892D000AA1A5 /* TriangleView.h */ = {isa = PBXFileReference; fileEncoding = 4; lastKnownFileType = sourcecode.c.h; path = TriangleView.h; sourceTree = "<group>"; };
		50E9695714AA892E000AA1A5 /* TriangleView.m */ = {isa = PBXFileReference; fileEncoding = 4; lastKnownFileType = sourcecode.c.objc; path = TriangleView.m; sourceTree = "<group>"; };
		50E9695914AADE06000AA1A5 /* SquashPlayer.png */ = {isa = PBXFileReference; lastKnownFileType = image.png; path = SquashPlayer.png; sourceTree = "<group>"; };
		50E9695A14AADE06000AA1A5 /* SquashPlayer@2x.png */ = {isa = PBXFileReference; lastKnownFileType = image.png; path = "SquashPlayer@2x.png"; sourceTree = "<group>"; };
		50E9695D14AAE2D4000AA1A5 /* CustomDisclosureIndicator.h */ = {isa = PBXFileReference; fileEncoding = 4; lastKnownFileType = sourcecode.c.h; path = CustomDisclosureIndicator.h; sourceTree = "<group>"; };
		50E9695E14AAE2D5000AA1A5 /* CustomDisclosureIndicator.m */ = {isa = PBXFileReference; fileEncoding = 4; lastKnownFileType = sourcecode.c.objc; path = CustomDisclosureIndicator.m; sourceTree = "<group>"; };
		50E9696614ABB3A4000AA1A5 /* PlayersViewController.xib */ = {isa = PBXFileReference; fileEncoding = 4; lastKnownFileType = file.xib; path = PlayersViewController.xib; sourceTree = "<group>"; };
		50F6D96F14B28CFC0046F0F5 /* PointsListCell.h */ = {isa = PBXFileReference; fileEncoding = 4; lastKnownFileType = sourcecode.c.h; path = PointsListCell.h; sourceTree = "<group>"; };
		50F6D97014B28CFC0046F0F5 /* PointsListCell.m */ = {isa = PBXFileReference; fileEncoding = 4; lastKnownFileType = sourcecode.c.objc; path = PointsListCell.m; sourceTree = "<group>"; };
		50F6D97114B28CFC0046F0F5 /* PointsListViewController.h */ = {isa = PBXFileReference; fileEncoding = 4; lastKnownFileType = sourcecode.c.h; path = PointsListViewController.h; sourceTree = "<group>"; };
		50F6D97214B28CFC0046F0F5 /* PointsListViewController.m */ = {isa = PBXFileReference; fileEncoding = 4; lastKnownFileType = sourcecode.c.objc; path = PointsListViewController.m; sourceTree = "<group>"; };
		50F6D97614B2CDD60046F0F5 /* PointsCourtViewController.h */ = {isa = PBXFileReference; fileEncoding = 4; lastKnownFileType = sourcecode.c.h; path = PointsCourtViewController.h; sourceTree = "<group>"; };
		50F6D97714B2CDD60046F0F5 /* PointsCourtViewController.m */ = {isa = PBXFileReference; fileEncoding = 4; lastKnownFileType = sourcecode.c.objc; path = PointsCourtViewController.m; sourceTree = "<group>"; };
		50F6D97814B2CDD60046F0F5 /* PointsCourtViewController.xib */ = {isa = PBXFileReference; fileEncoding = 4; lastKnownFileType = file.xib; path = PointsCourtViewController.xib; sourceTree = "<group>"; };
		50F6D97B14B2D0C60046F0F5 /* PointsCourtView.h */ = {isa = PBXFileReference; fileEncoding = 4; lastKnownFileType = sourcecode.c.h; path = PointsCourtView.h; sourceTree = "<group>"; };
		50F6D97C14B2D0C60046F0F5 /* PointsCourtView.m */ = {isa = PBXFileReference; fileEncoding = 4; lastKnownFileType = sourcecode.c.objc; path = PointsCourtView.m; sourceTree = "<group>"; };
		50F6D97E14B386F90046F0F5 /* LegendView.h */ = {isa = PBXFileReference; fileEncoding = 4; lastKnownFileType = sourcecode.c.h; path = LegendView.h; sourceTree = "<group>"; };
		50F6D97F14B386FA0046F0F5 /* LegendView.m */ = {isa = PBXFileReference; fileEncoding = 4; lastKnownFileType = sourcecode.c.objc; path = LegendView.m; sourceTree = "<group>"; };
		50F6D98114B38A100046F0F5 /* LegendsCell.h */ = {isa = PBXFileReference; fileEncoding = 4; lastKnownFileType = sourcecode.c.h; path = LegendsCell.h; sourceTree = "<group>"; };
		50F6D98214B38A110046F0F5 /* LegendsCell.m */ = {isa = PBXFileReference; fileEncoding = 4; lastKnownFileType = sourcecode.c.objc; path = LegendsCell.m; sourceTree = "<group>"; };
		5B0712581485DB3E00BDEC1F /* Icon.png */ = {isa = PBXFileReference; lastKnownFileType = image.png; path = Icon.png; sourceTree = "<group>"; };
		5B66FB9414AFC6B300EA999E /* MatchListCell.h */ = {isa = PBXFileReference; fileEncoding = 4; lastKnownFileType = sourcecode.c.h; path = MatchListCell.h; sourceTree = "<group>"; };
		5B66FB9514AFC6B300EA999E /* MatchListCell.m */ = {isa = PBXFileReference; fileEncoding = 4; lastKnownFileType = sourcecode.c.objc; path = MatchListCell.m; sourceTree = "<group>"; };
		5B69524114AE74690084C38C /* ShotFilter.h */ = {isa = PBXFileReference; fileEncoding = 4; lastKnownFileType = sourcecode.c.h; path = ShotFilter.h; sourceTree = "<group>"; };
		5B69524214AE74690084C38C /* ShotFilter.m */ = {isa = PBXFileReference; fileEncoding = 4; lastKnownFileType = sourcecode.c.objc; path = ShotFilter.m; sourceTree = "<group>"; };
		5B7973E31460FD7500569407 /* AnimatedUIDatePicker.h */ = {isa = PBXFileReference; fileEncoding = 4; lastKnownFileType = sourcecode.c.h; path = AnimatedUIDatePicker.h; sourceTree = "<group>"; };
		5B7973E41460FD7500569407 /* AnimatedUIDatePicker.m */ = {isa = PBXFileReference; fileEncoding = 4; lastKnownFileType = sourcecode.c.objc; path = AnimatedUIDatePicker.m; sourceTree = "<group>"; };
		5B804D2614AE9ACC00F8D948 /* MatchListController.h */ = {isa = PBXFileReference; fileEncoding = 4; lastKnownFileType = sourcecode.c.h; path = MatchListController.h; sourceTree = "<group>"; };
		5B804D2714AE9ACC00F8D948 /* MatchListController.m */ = {isa = PBXFileReference; fileEncoding = 4; lastKnownFileType = sourcecode.c.objc; path = MatchListController.m; sourceTree = "<group>"; };
		5BAD10F814B2DA9A0090462D /* collapsed.png */ = {isa = PBXFileReference; lastKnownFileType = image.png; path = collapsed.png; sourceTree = "<group>"; };
		5BAD10F914B2DA9A0090462D /* expanded.png */ = {isa = PBXFileReference; lastKnownFileType = image.png; path = expanded.png; sourceTree = "<group>"; };
		5BF1F740144CDBED000455BC /* button_back.png */ = {isa = PBXFileReference; lastKnownFileType = image.png; path = button_back.png; sourceTree = "<group>"; };
		5BF1F741144CDBED000455BC /* MatchSetupView.xib */ = {isa = PBXFileReference; fileEncoding = 4; lastKnownFileType = file.xib; path = MatchSetupView.xib; sourceTree = "<group>"; };
		5BF1F742144CDBED000455BC /* MatchSetupViewController.h */ = {isa = PBXFileReference; fileEncoding = 4; lastKnownFileType = sourcecode.c.h; path = MatchSetupViewController.h; sourceTree = "<group>"; };
		5BF1F743144CDBED000455BC /* MatchSetupViewController.m */ = {isa = PBXFileReference; fileEncoding = 4; lastKnownFileType = sourcecode.c.objc; path = MatchSetupViewController.m; sourceTree = "<group>"; };
/* End PBXFileReference section */

/* Begin PBXFrameworksBuildPhase section */
		50343BCA14452F6900EDC043 /* Frameworks */ = {
			isa = PBXFrameworksBuildPhase;
			buildActionMask = 2147483647;
			files = (
				50A96B4A1448F70C003AC92D /* QuartzCore.framework in Frameworks */,
				50343BD214452F6900EDC043 /* UIKit.framework in Frameworks */,
				50343BD414452F6900EDC043 /* Foundation.framework in Frameworks */,
				50343BD614452F6900EDC043 /* CoreGraphics.framework in Frameworks */,
				50343BD814452F6900EDC043 /* CoreData.framework in Frameworks */,
			);
			runOnlyForDeploymentPostprocessing = 0;
		};
/* End PBXFrameworksBuildPhase section */

/* Begin PBXGroup section */
		5002AA621448D3F400FB0B8F /* Shot Entry */ = {
			isa = PBXGroup;
			children = (
				5002AA5D1448D3E200FB0B8F /* ShotEntryController.h */,
				5002AA5E1448D3E200FB0B8F /* ShotEntryController.m */,
			);
			name = "Shot Entry";
			sourceTree = "<group>";
		};
		50211EA41450CC8D00EF9AD4 /* Rally Entry */ = {
			isa = PBXGroup;
			children = (
				50E9695014AA6822000AA1A5 /* HelpScreen.h */,
				50E9695114AA6823000AA1A5 /* HelpScreen.m */,
				50E9695214AA6823000AA1A5 /* HelpScreen.xib */,
				50C0D57E149ED0CB004D5D50 /* SQRStepper.h */,
				50C0D57F149ED0CB004D5D50 /* SQRStepper.m */,
				504ECB1F145209BE00FE7B45 /* CourtView.h */,
				504ECB20145209BE00FE7B45 /* CourtView.m */,
				504ECB221455E8EC00FE7B45 /* CustomImageView.h */,
				504ECB231455E8EC00FE7B45 /* CustomImageView.m */,
				50211E9E1450CC6200EF9AD4 /* RallyEntryController.h */,
				50211E9F1450CC6200EF9AD4 /* RallyEntryController.m */,
				50211EA01450CC6200EF9AD4 /* RallyEntryController.xib */,
				50D1A2181451EA9300CCE657 /* ShotEntryBackground@2x.png */,
				50D1A21B1451F7D900CCE657 /* ShotEntryBackground.png */,
			);
			name = "Rally Entry";
			path = ..;
			sourceTree = "<group>";
		};
		50343BC214452F6900EDC043 = {
			isa = PBXGroup;
			children = (
				5B0712581485DB3E00BDEC1F /* Icon.png */,
				50B280FF1475994E00725E16 /* Icon@2x.png */,
				50A0EBDF1445427800A8B3CF /* Default@2x.png */,
				50A0EBDD1445427400A8B3CF /* Default.png */,
				50343BD914452F6900EDC043 /* Squash Court Report */,
				50343BD014452F6900EDC043 /* Frameworks */,
				50343BCE14452F6900EDC043 /* Products */,
			);
			sourceTree = "<group>";
		};
		50343BCE14452F6900EDC043 /* Products */ = {
			isa = PBXGroup;
			children = (
				50343BCD14452F6900EDC043 /* Squash Court Report.app */,
			);
			name = Products;
			sourceTree = "<group>";
		};
		50343BD014452F6900EDC043 /* Frameworks */ = {
			isa = PBXGroup;
			children = (
				50A96B491448F70C003AC92D /* QuartzCore.framework */,
				50343BD114452F6900EDC043 /* UIKit.framework */,
				50343BD314452F6900EDC043 /* Foundation.framework */,
				50343BD514452F6900EDC043 /* CoreGraphics.framework */,
				50343BD714452F6900EDC043 /* CoreData.framework */,
			);
			name = Frameworks;
			sourceTree = "<group>";
		};
		50343BD914452F6900EDC043 /* Squash Court Report */ = {
			isa = PBXGroup;
			children = (
				5B804D1F14AE9A6500F8D948 /* Matches */,
				50343C051445355800EDC043 /* Core Data Model */,
				50343BE214452F6900EDC043 /* SCRAppDelegate.h */,
				50343BE314452F6900EDC043 /* SCRAppDelegate.m */,
				5BF1F73E144CDBBB000455BC /* Log New Match */,
				50A0EBEB14454A5700A8B3CF /* Main View */,
				50211EA41450CC8D00EF9AD4 /* Rally Entry */,
				5002AA621448D3F400FB0B8F /* Shot Entry */,
				50A0EBEC14454A6800A8B3CF /* Players */,
				50343BE814452F6900EDC043 /* SCRMasterViewController.h */,
				50343BE914452F6900EDC043 /* SCRMasterViewController.m */,
				50343BEB14452F6900EDC043 /* SCRDetailViewController.h */,
				50343BEC14452F6900EDC043 /* SCRDetailViewController.m */,
				50343C081445359600EDC043 /* MainViewController.xib */,
				50343BEE14452F6A00EDC043 /* SCRMasterViewController.xib */,
				50343BF114452F6A00EDC043 /* SCRDetailViewController.xib */,
				50A0EBDC1445425300A8B3CF /* Images */,
				50343BDA14452F6900EDC043 /* Supporting Files */,
			);
			path = "Squash Court Report";
			sourceTree = "<group>";
		};
		50343BDA14452F6900EDC043 /* Supporting Files */ = {
			isa = PBXGroup;
			children = (
				50343BDB14452F6900EDC043 /* Squash Court Report-Info.plist */,
				50343BDC14452F6900EDC043 /* InfoPlist.strings */,
				50343BDF14452F6900EDC043 /* main.m */,
				50343BE114452F6900EDC043 /* Squash Court Report-Prefix.pch */,
			);
			name = "Supporting Files";
			sourceTree = "<group>";
		};
		50343C051445355800EDC043 /* Core Data Model */ = {
			isa = PBXGroup;
			children = (
				50B280FB1475905A00725E16 /* UIImageToDataTransformer.h */,
				50B280FC1475905A00725E16 /* UIImageToDataTransformer.m */,
				50343C0B1445379600EDC043 /* CoreDataModel.h */,
				50343C021445355200EDC043 /* Game.h */,
				50343C031445355200EDC043 /* Game.m */,
				50343BFF1445355200EDC043 /* Rally.h */,
				50343C001445355200EDC043 /* Rally.m */,
				50343BFC1445355200EDC043 /* Match.h */,
				50343BFD1445355200EDC043 /* Match.m */,
				50343BF91445355100EDC043 /* Player.h */,
				50343BFA1445355100EDC043 /* Player.m */,
				50343BE514452F6900EDC043 /* Squash_Court_Report.xcdatamodeld */,
			);
			name = "Core Data Model";
			sourceTree = "<group>";
		};
		5034ED5514460BE000895D86 /* List of Players */ = {
			isa = PBXGroup;
			children = (
				50A0EBE8144545D300A8B3CF /* PlayersViewCell.h */,
				50A0EBE9144545D300A8B3CF /* PlayersViewCell.m */,
				50AB2309145F354A00E9F48D /* PlayerViewCell.xib */,
				50A0EC3014455D3B00A8B3CF /* PlayersViewController.h */,
				50A0EC3114455D3B00A8B3CF /* PlayersViewController.m */,
				50E9696614ABB3A4000AA1A5 /* PlayersViewController.xib */,
				5034ED5814460C0600895D86 /* Player Profile Edit */,
				5034ED5714460BF100895D86 /* Player Profile */,
			);
			name = "List of Players";
			sourceTree = "<group>";
		};
		5034ED5714460BF100895D86 /* Player Profile */ = {
			isa = PBXGroup;
			children = (
				50A96B4D144A13D9003AC92D /* PlayerProfileTableViewController.h */,
				50A96B4E144A13D9003AC92D /* PlayerProfileTableViewController.m */,
				50E9695614AA892D000AA1A5 /* TriangleView.h */,
				50E9695714AA892E000AA1A5 /* TriangleView.m */,
				50A96B58144A16EB003AC92D /* SectionHeaderView.h */,
				50A96B59144A16EB003AC92D /* SectionHeaderView.m */,
				50E9695D14AAE2D4000AA1A5 /* CustomDisclosureIndicator.h */,
				50E9695E14AAE2D5000AA1A5 /* CustomDisclosureIndicator.m */,
				50A96B5D144A1A44003AC92D /* PlayerProfileCell.h */,
				50A96B5E144A1A44003AC92D /* PlayerProfileCell.m */,
				50A96B60144A1E0C003AC92D /* PlayerProfileTopCell.h */,
				50A96B61144A1E0C003AC92D /* PlayerProfileTopCell.m */,
				50A0EC3B14457CA800A8B3CF /* PlayerProfileController.h */,
				50A0EC3C14457CA800A8B3CF /* PlayerProfileController.m */,
				5002AA591448BA1500FB0B8F /* PlayerProfileController.xib */,
			);
			name = "Player Profile";
			sourceTree = "<group>";
		};
		5034ED5814460C0600895D86 /* Player Profile Edit */ = {
			isa = PBXGroup;
			children = (
				5001626414572391001BBC78 /* Player-Edit.plist */,
				50593F5E1458C34C00C5F021 /* PlayerEditController.h */,
				50593F5F1458C34C00C5F021 /* PlayerEditController.m */,
				50A0EC381445695E00A8B3CF /* TextFieldCell.h */,
				50A0EC391445695E00A8B3CF /* TextFieldCell.m */,
				50A0EC33144562B300A8B3CF /* PlayerProfileEditController.h */,
				50A0EC34144562B400A8B3CF /* PlayerProfileEditController.m */,
			);
			name = "Player Profile Edit";
			sourceTree = "<group>";
		};
		50A0EBDC1445425300A8B3CF /* Images */ = {
			isa = PBXGroup;
			children = (
				50E9695914AADE06000AA1A5 /* SquashPlayer.png */,
				50E9695A14AADE06000AA1A5 /* SquashPlayer@2x.png */,
				50C0D56D149ECFEF004D5D50 /* StepperMinusButton.png */,
				50C0D56E149ECFEF004D5D50 /* StepperMinusButton@2x.png */,
				50C0D56F149ECFEF004D5D50 /* StepperMinusButtonSelected.png */,
				50C0D570149ECFEF004D5D50 /* StepperMinusButtonSelected@2x.png */,
				50C0D571149ECFEF004D5D50 /* StepperPlusButton.png */,
				50C0D572149ECFEF004D5D50 /* StepperPlusButton@2x.png */,
				50C0D573149ECFEF004D5D50 /* StepperPlusButtonSelected.png */,
				50C0D574149ECFEF004D5D50 /* StepperPlusButtonSelected@2x.png */,
				5BF1F740144CDBED000455BC /* button_back.png */,
				50A96B4B144A0565003AC92D /* ProfileBar.png */,
				50A96B50144A14A6003AC92D /* PlayerProfileCell.png */,
				50A96B51144A14A6003AC92D /* PlayerProfileLastFooter.png */,
				50A96B52144A14A6003AC92D /* PlayerProfileSectionDivider.png */,
				50A96B53144A14A6003AC92D /* PlayerProfileTop.png */,
				5002AA5B1448BA5A00FB0B8F /* PlayerProfileBackground.png */,
				50A0EC24144553E100A8B3CF /* Wood_Background.png */,
				50A0EC25144553E100A8B3CF /* Wood_Background@2x.png */,
				50A0EBE1144544A600A8B3CF /* Person_Icon.png */,
				50A0EBE2144544A600A8B3CF /* Raquet_Icon.png */,
				50A0EBD71445424B00A8B3CF /* startImage.png */,
				50A0EBD81445424B00A8B3CF /* startImage@2x.png */,
			);
			name = Images;
			sourceTree = "<group>";
		};
		50A0EBEB14454A5700A8B3CF /* Main View */ = {
			isa = PBXGroup;
			children = (
				50343C1814453B2E00EDC043 /* MainViewCell.h */,
				50343C1914453B2E00EDC043 /* MainViewCell.m */,
				50343C061445359600EDC043 /* MainViewController.h */,
				50343C071445359600EDC043 /* MainViewController.m */,
				50A96B451448D723003AC92D /* MatchEditController.h */,
				50A96B461448D723003AC92D /* MatchEditController.m */,
			);
			name = "Main View";
			sourceTree = "<group>";
		};
		50A0EBEC14454A6800A8B3CF /* Players */ = {
			isa = PBXGroup;
			children = (
				5034ED5514460BE000895D86 /* List of Players */,
			);
			name = Players;
			sourceTree = "<group>";
		};
		50F6D98414B3CF900046F0F5 /* Points Court View */ = {
			isa = PBXGroup;
			children = (
				50F6D97614B2CDD60046F0F5 /* PointsCourtViewController.h */,
				50F6D97714B2CDD60046F0F5 /* PointsCourtViewController.m */,
				50F6D97814B2CDD60046F0F5 /* PointsCourtViewController.xib */,
				50F6D98114B38A100046F0F5 /* LegendsCell.h */,
				50F6D98214B38A110046F0F5 /* LegendsCell.m */,
				50F6D97E14B386F90046F0F5 /* LegendView.h */,
				50F6D97F14B386FA0046F0F5 /* LegendView.m */,
				50F6D97B14B2D0C60046F0F5 /* PointsCourtView.h */,
				50F6D97C14B2D0C60046F0F5 /* PointsCourtView.m */,
			);
			name = "Points Court View";
			sourceTree = "<group>";
		};
		50F6D98514B3CFA70046F0F5 /* Points List View */ = {
			isa = PBXGroup;
			children = (
				50F6D96F14B28CFC0046F0F5 /* PointsListCell.h */,
				50F6D97014B28CFC0046F0F5 /* PointsListCell.m */,
				50F6D97114B28CFC0046F0F5 /* PointsListViewController.h */,
				50F6D97214B28CFC0046F0F5 /* PointsListViewController.m */,
			);
			name = "Points List View";
			sourceTree = "<group>";
		};
		50F6D98614B3CFBB0046F0F5 /* Match Overview */ = {
			isa = PBXGroup;
			children = (
				5005645614B14DAD00E431C3 /* SquareButton.h */,
				5005645714B14DAD00E431C3 /* SquareButton.m */,
				5005645914B23CC800E431C3 /* StatsHeaderView.h */,
				5005645A14B23CC800E431C3 /* StatsHeaderView.m */,
				5005644714B14C5200E431C3 /* MatchOverviewController.h */,
				5005644814B14C5200E431C3 /* MatchOverviewController.m */,
				5005644914B14C5200E431C3 /* MatchOverviewController.xib */,
				5005644A14B14C5300E431C3 /* MatchOverviewCustomCell.h */,
				5005644B14B14C5300E431C3 /* MatchOverviewCustomCell.m */,
			);
			name = "Match Overview";
			sourceTree = "<group>";
		};
		5B5A59AC144F875100AD90A3 /* Animated UIPickerView */ = {
			isa = PBXGroup;
			children = (
				5004A62F145622A700826773 /* AnimatedUIPickerView.h */,
				5004A630145622A700826773 /* AnimatedUIPickerView.m */,
			);
			name = "Animated UIPickerView";
			sourceTree = "<group>";
		};
		5B69523F14AE73A20084C38C /* Analysis */ = {
			isa = PBXGroup;
			children = (
				50F6D98414B3CF900046F0F5 /* Points Court View */,
				50F6D98514B3CFA70046F0F5 /* Points List View */,
				5B69524114AE74690084C38C /* ShotFilter.h */,
				5B69524214AE74690084C38C /* ShotFilter.m */,
			);
			name = Analysis;
			sourceTree = "<group>";
		};
		5B7973E11460FD5700569407 /* Match Players Setup */ = {
			isa = PBXGroup;
			children = (
				5BF1F742144CDBED000455BC /* MatchSetupViewController.h */,
				5BF1F743144CDBED000455BC /* MatchSetupViewController.m */,
				5BF1F741144CDBED000455BC /* MatchSetupView.xib */,
			);
			name = "Match Players Setup";
			sourceTree = "<group>";
		};
		5B804D1F14AE9A6500F8D948 /* Matches */ = {
			isa = PBXGroup;
			children = (
				5B804D2614AE9ACC00F8D948 /* MatchListController.h */,
				5B804D2714AE9ACC00F8D948 /* MatchListController.m */,
				5B66FB9414AFC6B300EA999E /* MatchListCell.h */,
				5B66FB9514AFC6B300EA999E /* MatchListCell.m */,
				50F6D98614B3CFBB0046F0F5 /* Match Overview */,
			);
			name = Matches;
			sourceTree = "<group>";
		};
		5BF1F73E144CDBBB000455BC /* Log New Match */ = {
			isa = PBXGroup;
			children = (
				5B7973E31460FD7500569407 /* AnimatedUIDatePicker.h */,
				5B7973E41460FD7500569407 /* AnimatedUIDatePicker.m */,
				5B5A59AC144F875100AD90A3 /* Animated UIPickerView */,
				5B7973E11460FD5700569407 /* Match Players Setup */,
				5BF6671C144DC0020085DD1D /* Match Profile Setup */,
			);
			name = "Log New Match";
			sourceTree = "<group>";
		};
		5BF6671C144DC0020085DD1D /* Match Profile Setup */ = {
			isa = PBXGroup;
			children = (
				5004A6341456361400826773 /* MatchProfileViewController.h */,
				5004A6331456361400826773 /* MatchProfileViewController.m */,
				5004A6351456361400826773 /* MatchProfileView.xib */,
			);
			name = "Match Profile Setup";
			sourceTree = "<group>";
		};
/* End PBXGroup section */

/* Begin PBXNativeTarget section */
		50343BCC14452F6900EDC043 /* Squash Court Report */ = {
			isa = PBXNativeTarget;
			buildConfigurationList = 50343BF614452F6A00EDC043 /* Build configuration list for PBXNativeTarget "Squash Court Report" */;
			buildPhases = (
				50343BC914452F6900EDC043 /* Sources */,
				50343BCA14452F6900EDC043 /* Frameworks */,
				50343BCB14452F6900EDC043 /* Resources */,
			);
			buildRules = (
			);
			dependencies = (
			);
			name = "Squash Court Report";
			productName = "Squash Court Report";
			productReference = 50343BCD14452F6900EDC043 /* Squash Court Report.app */;
			productType = "com.apple.product-type.application";
		};
/* End PBXNativeTarget section */

/* Begin PBXProject section */
		50343BC414452F6900EDC043 /* Project object */ = {
			isa = PBXProject;
			attributes = {
				LastUpgradeCheck = 0420;
			};
			buildConfigurationList = 50343BC714452F6900EDC043 /* Build configuration list for PBXProject "Squash Court Report" */;
			compatibilityVersion = "Xcode 3.2";
			developmentRegion = English;
			hasScannedForEncodings = 0;
			knownRegions = (
				en,
			);
			mainGroup = 50343BC214452F6900EDC043;
			productRefGroup = 50343BCE14452F6900EDC043 /* Products */;
			projectDirPath = "";
			projectRoot = "";
			targets = (
				50343BCC14452F6900EDC043 /* Squash Court Report */,
			);
		};
/* End PBXProject section */

/* Begin PBXResourcesBuildPhase section */
		50343BCB14452F6900EDC043 /* Resources */ = {
			isa = PBXResourcesBuildPhase;
			buildActionMask = 2147483647;
			files = (
				50343BDE14452F6900EDC043 /* InfoPlist.strings in Resources */,
				50343BF014452F6A00EDC043 /* SCRMasterViewController.xib in Resources */,
				50343BF314452F6A00EDC043 /* SCRDetailViewController.xib in Resources */,
				50343C0A1445359600EDC043 /* MainViewController.xib in Resources */,
				50A0EBD91445424B00A8B3CF /* startImage.png in Resources */,
				50A0EBDA1445424B00A8B3CF /* startImage@2x.png in Resources */,
				50A0EBDE1445427400A8B3CF /* Default.png in Resources */,
				50A0EBE01445427800A8B3CF /* Default@2x.png in Resources */,
				50A0EBE3144544A600A8B3CF /* Person_Icon.png in Resources */,
				50A0EBE4144544A600A8B3CF /* Raquet_Icon.png in Resources */,
				50A0EC26144553E100A8B3CF /* Wood_Background.png in Resources */,
				50A0EC27144553E100A8B3CF /* Wood_Background@2x.png in Resources */,
				5002AA5A1448BA1500FB0B8F /* PlayerProfileController.xib in Resources */,
				5002AA5C1448BA5A00FB0B8F /* PlayerProfileBackground.png in Resources */,
				50A96B4C144A0565003AC92D /* ProfileBar.png in Resources */,
				50A96B54144A14A6003AC92D /* PlayerProfileCell.png in Resources */,
				50A96B55144A14A6003AC92D /* PlayerProfileLastFooter.png in Resources */,
				50A96B56144A14A6003AC92D /* PlayerProfileSectionDivider.png in Resources */,
				50A96B57144A14A6003AC92D /* PlayerProfileTop.png in Resources */,
				5BF1F744144CDBED000455BC /* button_back.png in Resources */,
				5BF1F745144CDBED000455BC /* MatchSetupView.xib in Resources */,
				50211EA21450CC6200EF9AD4 /* RallyEntryController.xib in Resources */,
				50D1A2191451EA9300CCE657 /* ShotEntryBackground@2x.png in Resources */,
				50D1A21C1451F7D900CCE657 /* ShotEntryBackground.png in Resources */,
				5004A6371456361400826773 /* MatchProfileView.xib in Resources */,
				5001626514572391001BBC78 /* Player-Edit.plist in Resources */,
				50AB230A145F354B00E9F48D /* PlayerViewCell.xib in Resources */,
				50B281001475994E00725E16 /* Icon@2x.png in Resources */,
				50C0D575149ECFEF004D5D50 /* StepperMinusButton.png in Resources */,
				50C0D576149ECFEF004D5D50 /* StepperMinusButton@2x.png in Resources */,
				50C0D577149ECFEF004D5D50 /* StepperMinusButtonSelected.png in Resources */,
				50C0D578149ECFEF004D5D50 /* StepperMinusButtonSelected@2x.png in Resources */,
				50C0D579149ECFEF004D5D50 /* StepperPlusButton.png in Resources */,
				50C0D57A149ECFEF004D5D50 /* StepperPlusButton@2x.png in Resources */,
				50C0D57B149ECFEF004D5D50 /* StepperPlusButtonSelected.png in Resources */,
				50C0D57C149ECFEF004D5D50 /* StepperPlusButtonSelected@2x.png in Resources */,
				50E9695414AA6823000AA1A5 /* HelpScreen.xib in Resources */,
				50E9695B14AADE08000AA1A5 /* SquashPlayer.png in Resources */,
				50E9695C14AADE08000AA1A5 /* SquashPlayer@2x.png in Resources */,
				50E9696714ABB3A7000AA1A5 /* PlayersViewController.xib in Resources */,
				5BAD10FA14B2DA9A0090462D /* collapsed.png in Resources */,
				5BAD10FB14B2DA9A0090462D /* expanded.png in Resources */,
				5005644E14B14C5300E431C3 /* MatchOverviewController.xib in Resources */,
				50F6D97A14B2CDD70046F0F5 /* PointsCourtViewController.xib in Resources */,
			);
			runOnlyForDeploymentPostprocessing = 0;
		};
/* End PBXResourcesBuildPhase section */

/* Begin PBXSourcesBuildPhase section */
		50343BC914452F6900EDC043 /* Sources */ = {
			isa = PBXSourcesBuildPhase;
			buildActionMask = 2147483647;
			files = (
				50343BE014452F6900EDC043 /* main.m in Sources */,
				50343BE414452F6900EDC043 /* SCRAppDelegate.m in Sources */,
				50343BE714452F6900EDC043 /* Squash_Court_Report.xcdatamodeld in Sources */,
				50343BEA14452F6900EDC043 /* SCRMasterViewController.m in Sources */,
				50343BED14452F6900EDC043 /* SCRDetailViewController.m in Sources */,
				50343BFB1445355100EDC043 /* Player.m in Sources */,
				50343BFE1445355200EDC043 /* Match.m in Sources */,
				50343C011445355200EDC043 /* Rally.m in Sources */,
				50343C041445355200EDC043 /* Game.m in Sources */,
				50343C091445359600EDC043 /* MainViewController.m in Sources */,
				50343C1A14453B2E00EDC043 /* MainViewCell.m in Sources */,
				50A0EBEA144545D300A8B3CF /* PlayersViewCell.m in Sources */,
				50A0EC3214455D3B00A8B3CF /* PlayersViewController.m in Sources */,
				50A0EC36144562B400A8B3CF /* PlayerProfileEditController.m in Sources */,
				50A0EC3A1445695F00A8B3CF /* TextFieldCell.m in Sources */,
				50A0EC3D14457CA900A8B3CF /* PlayerProfileController.m in Sources */,
				5002AA601448D3E200FB0B8F /* ShotEntryController.m in Sources */,
				50A96B471448D723003AC92D /* MatchEditController.m in Sources */,
				50A96B4F144A13D9003AC92D /* PlayerProfileTableViewController.m in Sources */,
				50A96B5A144A16EB003AC92D /* SectionHeaderView.m in Sources */,
				50A96B5F144A1A45003AC92D /* PlayerProfileCell.m in Sources */,
				50A96B62144A1E0D003AC92D /* PlayerProfileTopCell.m in Sources */,
				5BF1F746144CDBED000455BC /* MatchSetupViewController.m in Sources */,
				50211EA11450CC6200EF9AD4 /* RallyEntryController.m in Sources */,
				504ECB21145209BE00FE7B45 /* CourtView.m in Sources */,
				504ECB241455E8EC00FE7B45 /* CustomImageView.m in Sources */,
				5004A631145622A700826773 /* AnimatedUIPickerView.m in Sources */,
				5004A6361456361400826773 /* MatchProfileViewController.m in Sources */,
				50593F611458C34D00C5F021 /* PlayerEditController.m in Sources */,
				5B7973E51460FD7500569407 /* AnimatedUIDatePicker.m in Sources */,
				50B280FD1475905A00725E16 /* UIImageToDataTransformer.m in Sources */,
				50C0D580149ED0CC004D5D50 /* SQRStepper.m in Sources */,
				50E9695314AA6823000AA1A5 /* HelpScreen.m in Sources */,
				50E9695814AA892F000AA1A5 /* TriangleView.m in Sources */,
				50E9695F14AAE2D7000AA1A5 /* CustomDisclosureIndicator.m in Sources */,
				5B69524314AE74690084C38C /* ShotFilter.m in Sources */,
				5B804D2914AE9ACC00F8D948 /* MatchListController.m in Sources */,
				5B66FB9614AFC6B300EA999E /* MatchListCell.m in Sources */,
				5005644D14B14C5300E431C3 /* MatchOverviewController.m in Sources */,
				5005644F14B14C5300E431C3 /* MatchOverviewCustomCell.m in Sources */,
				5005645814B14DAD00E431C3 /* SquareButton.m in Sources */,
				5005645B14B23CC800E431C3 /* StatsHeaderView.m in Sources */,
				50F6D97314B28CFC0046F0F5 /* PointsListCell.m in Sources */,
				50F6D97414B28CFC0046F0F5 /* PointsListViewController.m in Sources */,
				50F6D97914B2CDD70046F0F5 /* PointsCourtViewController.m in Sources */,
				50F6D97D14B2D0C70046F0F5 /* PointsCourtView.m in Sources */,
				50F6D98014B386FA0046F0F5 /* LegendView.m in Sources */,
				50F6D98314B38A120046F0F5 /* LegendsCell.m in Sources */,
			);
			runOnlyForDeploymentPostprocessing = 0;
		};
/* End PBXSourcesBuildPhase section */

/* Begin PBXVariantGroup section */
		50343BDC14452F6900EDC043 /* InfoPlist.strings */ = {
			isa = PBXVariantGroup;
			children = (
				50343BDD14452F6900EDC043 /* en */,
			);
			name = InfoPlist.strings;
			sourceTree = "<group>";
		};
		50343BEE14452F6A00EDC043 /* SCRMasterViewController.xib */ = {
			isa = PBXVariantGroup;
			children = (
				50343BEF14452F6A00EDC043 /* en */,
			);
			name = SCRMasterViewController.xib;
			sourceTree = "<group>";
		};
		50343BF114452F6A00EDC043 /* SCRDetailViewController.xib */ = {
			isa = PBXVariantGroup;
			children = (
				50343BF214452F6A00EDC043 /* en */,
			);
			name = SCRDetailViewController.xib;
			sourceTree = "<group>";
		};
/* End PBXVariantGroup section */

/* Begin XCBuildConfiguration section */
		50343BF414452F6A00EDC043 /* Debug */ = {
			isa = XCBuildConfiguration;
			buildSettings = {
				ALWAYS_SEARCH_USER_PATHS = NO;
				ARCHS = "$(ARCHS_STANDARD_32_BIT)";
				CLANG_ENABLE_OBJC_ARC = YES;
				"CODE_SIGN_IDENTITY[sdk=iphoneos*]" = "iPhone Developer";
				COPY_PHASE_STRIP = NO;
				GCC_C_LANGUAGE_STANDARD = gnu99;
				GCC_DYNAMIC_NO_PIC = NO;
				GCC_OPTIMIZATION_LEVEL = 0;
				GCC_PREPROCESSOR_DEFINITIONS = (
					"DEBUG=1",
					"$(inherited)",
				);
				GCC_SYMBOLS_PRIVATE_EXTERN = NO;
				GCC_VERSION = com.apple.compilers.llvm.clang.1_0;
				GCC_WARN_ABOUT_MISSING_PROTOTYPES = YES;
				GCC_WARN_ABOUT_RETURN_TYPE = YES;
				GCC_WARN_UNUSED_VARIABLE = YES;
				IPHONEOS_DEPLOYMENT_TARGET = 4.0;
				SDKROOT = iphoneos;
			};
			name = Debug;
		};
		50343BF514452F6A00EDC043 /* Release */ = {
			isa = XCBuildConfiguration;
			buildSettings = {
				ALWAYS_SEARCH_USER_PATHS = NO;
				ARCHS = "$(ARCHS_STANDARD_32_BIT)";
				CLANG_ENABLE_OBJC_ARC = YES;
				"CODE_SIGN_IDENTITY[sdk=iphoneos*]" = "iPhone Developer";
				COPY_PHASE_STRIP = YES;
				GCC_C_LANGUAGE_STANDARD = gnu99;
				GCC_VERSION = com.apple.compilers.llvm.clang.1_0;
				GCC_WARN_ABOUT_MISSING_PROTOTYPES = YES;
				GCC_WARN_ABOUT_RETURN_TYPE = YES;
				GCC_WARN_UNUSED_VARIABLE = YES;
				IPHONEOS_DEPLOYMENT_TARGET = 4.0;
				OTHER_CFLAGS = "-DNS_BLOCK_ASSERTIONS=1";
				SDKROOT = iphoneos;
				VALIDATE_PRODUCT = YES;
			};
			name = Release;
		};
		50343BF714452F6A00EDC043 /* Debug */ = {
			isa = XCBuildConfiguration;
			buildSettings = {
				"CODE_SIGN_IDENTITY[sdk=iphoneos*]" = "iPhone Developer: Max Shaw (3FH82D22YB)";
				GCC_PRECOMPILE_PREFIX_HEADER = YES;
				GCC_PREFIX_HEADER = "Squash Court Report/Squash Court Report-Prefix.pch";
				GCC_WARN_ABOUT_MISSING_PROTOTYPES = NO;
				INFOPLIST_FILE = "Squash Court Report/Squash Court Report-Info.plist";
				IPHONEOS_DEPLOYMENT_TARGET = 4.0;
				PRODUCT_NAME = "$(TARGET_NAME)";
				"PROVISIONING_PROFILE[sdk=iphoneos*]" = "56AD1EC7-6355-457A-B4EA-6C981E93CA90";
				WRAPPER_EXTENSION = app;
			};
			name = Debug;
		};
		50343BF814452F6A00EDC043 /* Release */ = {
			isa = XCBuildConfiguration;
			buildSettings = {
				"ARCHS[sdk=*]" = (
					armv6,
					"$(ARCHS_STANDARD_32_BIT)",
				);
				"CODE_SIGN_IDENTITY[sdk=iphoneos*]" = "iPhone Developer: Max Shaw (3FH82D22YB)";
				GCC_PRECOMPILE_PREFIX_HEADER = YES;
				GCC_PREFIX_HEADER = "Squash Court Report/Squash Court Report-Prefix.pch";
				GCC_WARN_ABOUT_MISSING_PROTOTYPES = NO;
				INFOPLIST_FILE = "Squash Court Report/Squash Court Report-Info.plist";
				IPHONEOS_DEPLOYMENT_TARGET = 4.0;
				PRODUCT_NAME = "$(TARGET_NAME)";
				"PROVISIONING_PROFILE[sdk=iphoneos*]" = "56AD1EC7-6355-457A-B4EA-6C981E93CA90";
				WRAPPER_EXTENSION = app;
			};
			name = Release;
		};
/* End XCBuildConfiguration section */

/* Begin XCConfigurationList section */
		50343BC714452F6900EDC043 /* Build configuration list for PBXProject "Squash Court Report" */ = {
			isa = XCConfigurationList;
			buildConfigurations = (
				50343BF414452F6A00EDC043 /* Debug */,
				50343BF514452F6A00EDC043 /* Release */,
			);
			defaultConfigurationIsVisible = 0;
			defaultConfigurationName = Release;
		};
		50343BF614452F6A00EDC043 /* Build configuration list for PBXNativeTarget "Squash Court Report" */ = {
			isa = XCConfigurationList;
			buildConfigurations = (
				50343BF714452F6A00EDC043 /* Debug */,
				50343BF814452F6A00EDC043 /* Release */,
			);
			defaultConfigurationIsVisible = 0;
			defaultConfigurationName = Release;
		};
/* End XCConfigurationList section */

/* Begin XCVersionGroup section */
		50343BE514452F6900EDC043 /* Squash_Court_Report.xcdatamodeld */ = {
			isa = XCVersionGroup;
			children = (
				50343BE614452F6900EDC043 /* Squash_Court_Report.xcdatamodel */,
			);
			currentVersion = 50343BE614452F6900EDC043 /* Squash_Court_Report.xcdatamodel */;
			path = Squash_Court_Report.xcdatamodeld;
			sourceTree = "<group>";
			versionGroupType = wrapper.xcdatamodel;
		};
/* End XCVersionGroup section */
	};
	rootObject = 50343BC414452F6900EDC043 /* Project object */;
}
